
Microsoft Visual Studio Solution File, Format Version 12.00
# Visual Studio Version 17
VisualStudioVersion = 17.4.33103.184
MinimumVisualStudioVersion = 10.0.40219.1
Project("{FAE04EC0-301F-11D3-BF4B-00C04F79EFBC}") = "ProEventosAPi", "ProEventosAPi\ProEventosAPi.csproj", "{352096EE-3E3F-4AA0-9E49-96BA73A7B89A}"
EndProject
Global
	GlobalSection(SolutionConfigurationPlatforms) = preSolution
		Debug|Any CPU = Debug|Any CPU
		Release|Any CPU = Release|Any CPU
	EndGlobalSection
	GlobalSection(ProjectConfigurationPlatforms) = postSolution
		{352096EE-3E3F-4AA0-9E49-96BA73A7B89A}.Debug|Any CPU.ActiveCfg = Debug|Any CPU
		{352096EE-3E3F-4AA0-9E49-96BA73A7B89A}.Debug|Any CPU.Build.0 = Debug|Any CPU
		{352096EE-3E3F-4AA0-9E49-96BA73A7B89A}.Release|Any CPU.ActiveCfg = Release|Any CPU
		{352096EE-3E3F-4AA0-9E49-96BA73A7B89A}.Release|Any CPU.Build.0 = Release|Any CPU
	EndGlobalSection
	GlobalSection(SolutionProperties) = preSolution
		HideSolutionNode = FALSE
	EndGlobalSection
	GlobalSection(ExtensibilityGlobals) = postSolution
		SolutionGuid = {7DC2F2F9-9A3A-4816-8121-0109621822DB}
	EndGlobalSection
EndGlobal
